
Microsoft Visual Studio Solution File, Format Version 12.00
# Visual Studio 14
VisualStudioVersion = 14.0.23107.0
MinimumVisualStudioVersion = 10.0.40219.1
Project("{8BC9CEB8-8B4A-11D0-8D11-00A0C91BC942}") = "Base", "..\FMLibs\Base\windows\Base.vs15.vcxproj", "{BBA7EE16-2B87-464B-ABE2-2D3C23149713}"
EndProject
Project("{8BC9CEB8-8B4A-11D0-8D11-00A0C91BC942}") = "BoostLib.vs15", "..\FMLibs\boost\windows\BoostLib.vs15.vcxproj", "{577D012B-E3DD-4F7F-8989-D149B4212971}"
EndProject
Project("{8BC9CEB8-8B4A-11D0-8D11-00A0C91BC942}") = "PawnLib", "..\FMLibs\Pawn\Windows\PawnLib.vs15.vcxproj", "{94F04A44-FE1F-4CA4-9804-F2DC5CE563C3}"
EndProject
Project("{8BC9CEB8-8B4A-11D0-8D11-00A0C91BC942}") = "Persistence.vs15", "..\FMLibs\Persistence\windows\Persistence.vs15.vcxproj", "{537314E7-8986-4838-8087-F26444A7F842}"
EndProject
Project("{8BC9CEB8-8B4A-11D0-8D11-00A0C91BC942}") = "PCalcLib.vs15", "..\FMLibs\ProductCalculation\Windows\PCalcLib.vs15.vcxproj", "{A7A6E01B-D338-4ABA-9B51-DB9266DAC915}"
EndProject
Project("{8BC9CEB8-8B4A-11D0-8D11-00A0C91BC942}") = "FP.Cloud.OnlineRateTable.PCalcLib", "FP.Cloud.OnlineRateTable.PCalcLib\FP.Cloud.OnlineRateTable.PCalcLib.vcxproj", "{76A56159-98F6-40CC-9E75-7E641119B757}"
EndProject
Project("{FAE04EC0-301F-11D3-BF4B-00C04F79EFBC}") = "FP.Cloud.OnlineRateTable.PCalcLib.TestWeb", "FP.Cloud.OnlineRateTable.PCalcLib.TestWeb\FP.Cloud.OnlineRateTable.PCalcLib.TestWeb.csproj", "{12C6E7E7-1666-4581-8262-C1185F6B1A42}"
EndProject
Project("{2150E333-8FDC-42A3-9474-1A3956D46DE8}") = "Managed", "Managed", "{DEE6CDA9-0889-4329-A96D-B272DA5F7514}"
EndProject
Project("{2150E333-8FDC-42A3-9474-1A3956D46DE8}") = "Unmanaged", "Unmanaged", "{F83746DF-C546-4056-87A1-B62D7FFF39F7}"
EndProject
Project("{FAE04EC0-301F-11D3-BF4B-00C04F79EFBC}") = "FP.Cloud.OnlineRateTable.Common", "FP.Cloud.OnlineRateTable.Common\FP.Cloud.OnlineRateTable.Common.csproj", "{0DD4A6A3-1B46-474D-90AE-324CD5D7F8A0}"
EndProject
Project("{FAE04EC0-301F-11D3-BF4B-00C04F79EFBC}") = "FP.Cloud.OnlineRateTable.Data", "FP.Cloud.OnlineRateTable.Data\FP.Cloud.OnlineRateTable.Data.csproj", "{7AA1F8D5-19B7-4546-B500-D70C931314E0}"
EndProject
Global
	GlobalSection(SolutionConfigurationPlatforms) = preSolution
		Debug (x64)|Any CPU = Debug (x64)|Any CPU
		Debug (x64)|x64 = Debug (x64)|x64
		Debug (x64)|x86 = Debug (x64)|x86
		Debug|Any CPU = Debug|Any CPU
		Debug|x64 = Debug|x64
		Debug|x86 = Debug|x86
		Release|Any CPU = Release|Any CPU
		Release|x64 = Release|x64
		Release|x86 = Release|x86
	EndGlobalSection
	GlobalSection(ProjectConfigurationPlatforms) = postSolution
		{BBA7EE16-2B87-464B-ABE2-2D3C23149713}.Debug (x64)|Any CPU.ActiveCfg = Debug (x64)|Win32
		{BBA7EE16-2B87-464B-ABE2-2D3C23149713}.Debug (x64)|x64.ActiveCfg = Debug (x64)|x64
		{BBA7EE16-2B87-464B-ABE2-2D3C23149713}.Debug (x64)|x64.Build.0 = Debug (x64)|x64
		{BBA7EE16-2B87-464B-ABE2-2D3C23149713}.Debug (x64)|x86.ActiveCfg = Debug (x64)|Win32
		{BBA7EE16-2B87-464B-ABE2-2D3C23149713}.Debug (x64)|x86.Build.0 = Debug (x64)|Win32
		{BBA7EE16-2B87-464B-ABE2-2D3C23149713}.Debug|Any CPU.ActiveCfg = Debug|Win32
		{BBA7EE16-2B87-464B-ABE2-2D3C23149713}.Debug|x64.ActiveCfg = Debug (x64)|x64
		{BBA7EE16-2B87-464B-ABE2-2D3C23149713}.Debug|x64.Build.0 = Debug (x64)|x64
		{BBA7EE16-2B87-464B-ABE2-2D3C23149713}.Debug|x86.ActiveCfg = Debug|Win32
		{BBA7EE16-2B87-464B-ABE2-2D3C23149713}.Debug|x86.Build.0 = Debug|Win32
		{BBA7EE16-2B87-464B-ABE2-2D3C23149713}.Release|Any CPU.ActiveCfg = Release|Win32
		{BBA7EE16-2B87-464B-ABE2-2D3C23149713}.Release|x64.ActiveCfg = Release|x64
		{BBA7EE16-2B87-464B-ABE2-2D3C23149713}.Release|x64.Build.0 = Release|x64
		{BBA7EE16-2B87-464B-ABE2-2D3C23149713}.Release|x86.ActiveCfg = Release|Win32
		{BBA7EE16-2B87-464B-ABE2-2D3C23149713}.Release|x86.Build.0 = Release|Win32
		{577D012B-E3DD-4F7F-8989-D149B4212971}.Debug (x64)|Any CPU.ActiveCfg = Release|x64
		{577D012B-E3DD-4F7F-8989-D149B4212971}.Debug (x64)|Any CPU.Build.0 = Release|x64
		{577D012B-E3DD-4F7F-8989-D149B4212971}.Debug (x64)|x64.ActiveCfg = Debug|x64
		{577D012B-E3DD-4F7F-8989-D149B4212971}.Debug (x64)|x64.Build.0 = Debug|x64
		{577D012B-E3DD-4F7F-8989-D149B4212971}.Debug (x64)|x86.ActiveCfg = Debug|Win32
		{577D012B-E3DD-4F7F-8989-D149B4212971}.Debug (x64)|x86.Build.0 = Debug|Win32
		{577D012B-E3DD-4F7F-8989-D149B4212971}.Debug|Any CPU.ActiveCfg = Debug|Win32
		{577D012B-E3DD-4F7F-8989-D149B4212971}.Debug|x64.ActiveCfg = Debug|x64
		{577D012B-E3DD-4F7F-8989-D149B4212971}.Debug|x64.Build.0 = Debug|x64
		{577D012B-E3DD-4F7F-8989-D149B4212971}.Debug|x64.Deploy.0 = Debug|x64
		{577D012B-E3DD-4F7F-8989-D149B4212971}.Debug|x86.ActiveCfg = Debug|Win32
		{577D012B-E3DD-4F7F-8989-D149B4212971}.Debug|x86.Build.0 = Debug|Win32
		{577D012B-E3DD-4F7F-8989-D149B4212971}.Release|Any CPU.ActiveCfg = Release|Win32
		{577D012B-E3DD-4F7F-8989-D149B4212971}.Release|x64.ActiveCfg = Release|Win32
		{577D012B-E3DD-4F7F-8989-D149B4212971}.Release|x86.ActiveCfg = Release|Win32
		{577D012B-E3DD-4F7F-8989-D149B4212971}.Release|x86.Build.0 = Release|Win32
		{94F04A44-FE1F-4CA4-9804-F2DC5CE563C3}.Debug (x64)|Any CPU.ActiveCfg = Release|x64
		{94F04A44-FE1F-4CA4-9804-F2DC5CE563C3}.Debug (x64)|Any CPU.Build.0 = Release|x64
		{94F04A44-FE1F-4CA4-9804-F2DC5CE563C3}.Debug (x64)|x64.ActiveCfg = Debug|x64
		{94F04A44-FE1F-4CA4-9804-F2DC5CE563C3}.Debug (x64)|x64.Build.0 = Debug|x64
		{94F04A44-FE1F-4CA4-9804-F2DC5CE563C3}.Debug (x64)|x86.ActiveCfg = Debug|Win32
		{94F04A44-FE1F-4CA4-9804-F2DC5CE563C3}.Debug (x64)|x86.Build.0 = Debug|Win32
		{94F04A44-FE1F-4CA4-9804-F2DC5CE563C3}.Debug|Any CPU.ActiveCfg = Debug|Win32
		{94F04A44-FE1F-4CA4-9804-F2DC5CE563C3}.Debug|x64.ActiveCfg = Debug|x64
		{94F04A44-FE1F-4CA4-9804-F2DC5CE563C3}.Debug|x64.Build.0 = Debug|x64
		{94F04A44-FE1F-4CA4-9804-F2DC5CE563C3}.Debug|x86.ActiveCfg = Debug|Win32
		{94F04A44-FE1F-4CA4-9804-F2DC5CE563C3}.Debug|x86.Build.0 = Debug|Win32
		{94F04A44-FE1F-4CA4-9804-F2DC5CE563C3}.Release|Any CPU.ActiveCfg = Release|Win32
		{94F04A44-FE1F-4CA4-9804-F2DC5CE563C3}.Release|x64.ActiveCfg = Release|Win32
		{94F04A44-FE1F-4CA4-9804-F2DC5CE563C3}.Release|x86.ActiveCfg = Release|Win32
		{94F04A44-FE1F-4CA4-9804-F2DC5CE563C3}.Release|x86.Build.0 = Release|Win32
		{537314E7-8986-4838-8087-F26444A7F842}.Debug (x64)|Any CPU.ActiveCfg = Release|x64
		{537314E7-8986-4838-8087-F26444A7F842}.Debug (x64)|Any CPU.Build.0 = Release|x64
		{537314E7-8986-4838-8087-F26444A7F842}.Debug (x64)|x64.ActiveCfg = Debug|x64
		{537314E7-8986-4838-8087-F26444A7F842}.Debug (x64)|x64.Build.0 = Debug|x64
		{537314E7-8986-4838-8087-F26444A7F842}.Debug (x64)|x86.ActiveCfg = Debug|Win32
		{537314E7-8986-4838-8087-F26444A7F842}.Debug (x64)|x86.Build.0 = Debug|Win32
		{537314E7-8986-4838-8087-F26444A7F842}.Debug|Any CPU.ActiveCfg = Debug|Win32
		{537314E7-8986-4838-8087-F26444A7F842}.Debug|x64.ActiveCfg = Debug|x64
		{537314E7-8986-4838-8087-F26444A7F842}.Debug|x64.Build.0 = Debug|x64
		{537314E7-8986-4838-8087-F26444A7F842}.Debug|x86.ActiveCfg = Debug|Win32
		{537314E7-8986-4838-8087-F26444A7F842}.Debug|x86.Build.0 = Debug|Win32
		{537314E7-8986-4838-8087-F26444A7F842}.Release|Any CPU.ActiveCfg = Release|Win32
		{537314E7-8986-4838-8087-F26444A7F842}.Release|x64.ActiveCfg = Release|Win32
		{537314E7-8986-4838-8087-F26444A7F842}.Release|x86.ActiveCfg = Release|Win32
		{537314E7-8986-4838-8087-F26444A7F842}.Release|x86.Build.0 = Release|Win32
		{A7A6E01B-D338-4ABA-9B51-DB9266DAC915}.Debug (x64)|Any CPU.ActiveCfg = Release|x64
		{A7A6E01B-D338-4ABA-9B51-DB9266DAC915}.Debug (x64)|Any CPU.Build.0 = Release|x64
		{A7A6E01B-D338-4ABA-9B51-DB9266DAC915}.Debug (x64)|x64.ActiveCfg = Debug|x64
		{A7A6E01B-D338-4ABA-9B51-DB9266DAC915}.Debug (x64)|x64.Build.0 = Debug|x64
		{A7A6E01B-D338-4ABA-9B51-DB9266DAC915}.Debug (x64)|x86.ActiveCfg = Debug|Win32
		{A7A6E01B-D338-4ABA-9B51-DB9266DAC915}.Debug (x64)|x86.Build.0 = Debug|Win32
		{A7A6E01B-D338-4ABA-9B51-DB9266DAC915}.Debug|Any CPU.ActiveCfg = Debug|Win32
		{A7A6E01B-D338-4ABA-9B51-DB9266DAC915}.Debug|x64.ActiveCfg = Debug|x64
		{A7A6E01B-D338-4ABA-9B51-DB9266DAC915}.Debug|x64.Build.0 = Debug|x64
		{A7A6E01B-D338-4ABA-9B51-DB9266DAC915}.Debug|x86.ActiveCfg = Debug|Win32
		{A7A6E01B-D338-4ABA-9B51-DB9266DAC915}.Debug|x86.Build.0 = Debug|Win32
		{A7A6E01B-D338-4ABA-9B51-DB9266DAC915}.Release|Any CPU.ActiveCfg = Release|Win32
		{A7A6E01B-D338-4ABA-9B51-DB9266DAC915}.Release|x64.ActiveCfg = Release|Win32
		{A7A6E01B-D338-4ABA-9B51-DB9266DAC915}.Release|x86.ActiveCfg = Release|Win32
		{A7A6E01B-D338-4ABA-9B51-DB9266DAC915}.Release|x86.Build.0 = Release|Win32
		{76A56159-98F6-40CC-9E75-7E641119B757}.Debug (x64)|Any CPU.ActiveCfg = Release|x64
		{76A56159-98F6-40CC-9E75-7E641119B757}.Debug (x64)|Any CPU.Build.0 = Release|x64
		{76A56159-98F6-40CC-9E75-7E641119B757}.Debug (x64)|x64.ActiveCfg = Debug|x64
		{76A56159-98F6-40CC-9E75-7E641119B757}.Debug (x64)|x64.Build.0 = Debug|x64
		{76A56159-98F6-40CC-9E75-7E641119B757}.Debug (x64)|x86.ActiveCfg = Debug|Win32
		{76A56159-98F6-40CC-9E75-7E641119B757}.Debug (x64)|x86.Build.0 = Debug|Win32
		{76A56159-98F6-40CC-9E75-7E641119B757}.Debug|Any CPU.ActiveCfg = Debug|Win32
		{76A56159-98F6-40CC-9E75-7E641119B757}.Debug|x64.ActiveCfg = Debug|x64
		{76A56159-98F6-40CC-9E75-7E641119B757}.Debug|x64.Build.0 = Debug|x64
		{76A56159-98F6-40CC-9E75-7E641119B757}.Debug|x86.ActiveCfg = Debug|Win32
		{76A56159-98F6-40CC-9E75-7E641119B757}.Debug|x86.Build.0 = Debug|Win32
		{76A56159-98F6-40CC-9E75-7E641119B757}.Release|Any CPU.ActiveCfg = Release|Win32
		{76A56159-98F6-40CC-9E75-7E641119B757}.Release|x64.ActiveCfg = Release|x64
		{76A56159-98F6-40CC-9E75-7E641119B757}.Release|x64.Build.0 = Release|x64
		{76A56159-98F6-40CC-9E75-7E641119B757}.Release|x86.ActiveCfg = Release|Win32
		{76A56159-98F6-40CC-9E75-7E641119B757}.Release|x86.Build.0 = Release|Win32
		{12C6E7E7-1666-4581-8262-C1185F6B1A42}.Debug (x64)|Any CPU.ActiveCfg = Debug|Any CPU
		{12C6E7E7-1666-4581-8262-C1185F6B1A42}.Debug (x64)|Any CPU.Build.0 = Debug|Any CPU
		{12C6E7E7-1666-4581-8262-C1185F6B1A42}.Debug (x64)|x64.ActiveCfg = Debug|Any CPU
		{12C6E7E7-1666-4581-8262-C1185F6B1A42}.Debug (x64)|x64.Build.0 = Debug|Any CPU
		{12C6E7E7-1666-4581-8262-C1185F6B1A42}.Debug (x64)|x86.ActiveCfg = Debug|Any CPU
		{12C6E7E7-1666-4581-8262-C1185F6B1A42}.Debug (x64)|x86.Build.0 = Debug|Any CPU
		{12C6E7E7-1666-4581-8262-C1185F6B1A42}.Debug|Any CPU.ActiveCfg = Debug|Any CPU
		{12C6E7E7-1666-4581-8262-C1185F6B1A42}.Debug|Any CPU.Build.0 = Debug|Any CPU
		{12C6E7E7-1666-4581-8262-C1185F6B1A42}.Debug|x64.ActiveCfg = Debug|x64
		{12C6E7E7-1666-4581-8262-C1185F6B1A42}.Debug|x64.Build.0 = Debug|x64
		{12C6E7E7-1666-4581-8262-C1185F6B1A42}.Debug|x86.ActiveCfg = Debug|Any CPU
		{12C6E7E7-1666-4581-8262-C1185F6B1A42}.Debug|x86.Build.0 = Debug|Any CPU
		{12C6E7E7-1666-4581-8262-C1185F6B1A42}.Release|Any CPU.ActiveCfg = Release|Any CPU
		{12C6E7E7-1666-4581-8262-C1185F6B1A42}.Release|Any CPU.Build.0 = Release|Any CPU
		{12C6E7E7-1666-4581-8262-C1185F6B1A42}.Release|x64.ActiveCfg = Release|Any CPU
		{12C6E7E7-1666-4581-8262-C1185F6B1A42}.Release|x64.Build.0 = Release|Any CPU
		{12C6E7E7-1666-4581-8262-C1185F6B1A42}.Release|x86.ActiveCfg = Release|Any CPU
		{12C6E7E7-1666-4581-8262-C1185F6B1A42}.Release|x86.Build.0 = Release|Any CPU
		{0DD4A6A3-1B46-474D-90AE-324CD5D7F8A0}.Debug (x64)|Any CPU.ActiveCfg = Debug|Any CPU
		{0DD4A6A3-1B46-474D-90AE-324CD5D7F8A0}.Debug (x64)|Any CPU.Build.0 = Debug|Any CPU
		{0DD4A6A3-1B46-474D-90AE-324CD5D7F8A0}.Debug (x64)|x64.ActiveCfg = Debug|Any CPU
		{0DD4A6A3-1B46-474D-90AE-324CD5D7F8A0}.Debug (x64)|x64.Build.0 = Debug|Any CPU
		{0DD4A6A3-1B46-474D-90AE-324CD5D7F8A0}.Debug (x64)|x86.ActiveCfg = Debug|Any CPU
		{0DD4A6A3-1B46-474D-90AE-324CD5D7F8A0}.Debug (x64)|x86.Build.0 = Debug|Any CPU
		{0DD4A6A3-1B46-474D-90AE-324CD5D7F8A0}.Debug|Any CPU.ActiveCfg = Debug|Any CPU
		{0DD4A6A3-1B46-474D-90AE-324CD5D7F8A0}.Debug|Any CPU.Build.0 = Debug|Any CPU
		{0DD4A6A3-1B46-474D-90AE-324CD5D7F8A0}.Debug|x64.ActiveCfg = Debug|Any CPU
		{0DD4A6A3-1B46-474D-90AE-324CD5D7F8A0}.Debug|x64.Build.0 = Debug|Any CPU
		{0DD4A6A3-1B46-474D-90AE-324CD5D7F8A0}.Debug|x86.ActiveCfg = Debug|Any CPU
		{0DD4A6A3-1B46-474D-90AE-324CD5D7F8A0}.Debug|x86.Build.0 = Debug|Any CPU
		{0DD4A6A3-1B46-474D-90AE-324CD5D7F8A0}.Release|Any CPU.ActiveCfg = Release|Any CPU
		{0DD4A6A3-1B46-474D-90AE-324CD5D7F8A0}.Release|Any CPU.Build.0 = Release|Any CPU
		{0DD4A6A3-1B46-474D-90AE-324CD5D7F8A0}.Release|x64.ActiveCfg = Release|Any CPU
		{0DD4A6A3-1B46-474D-90AE-324CD5D7F8A0}.Release|x64.Build.0 = Release|Any CPU
		{0DD4A6A3-1B46-474D-90AE-324CD5D7F8A0}.Release|x86.ActiveCfg = Release|Any CPU
		{0DD4A6A3-1B46-474D-90AE-324CD5D7F8A0}.Release|x86.Build.0 = Release|Any CPU
		{7AA1F8D5-19B7-4546-B500-D70C931314E0}.Debug (x64)|Any CPU.ActiveCfg = Debug|Any CPU
		{7AA1F8D5-19B7-4546-B500-D70C931314E0}.Debug (x64)|Any CPU.Build.0 = Debug|Any CPU
		{7AA1F8D5-19B7-4546-B500-D70C931314E0}.Debug (x64)|x64.ActiveCfg = Debug|Any CPU
		{7AA1F8D5-19B7-4546-B500-D70C931314E0}.Debug (x64)|x64.Build.0 = Debug|Any CPU
		{7AA1F8D5-19B7-4546-B500-D70C931314E0}.Debug (x64)|x86.ActiveCfg = Debug|Any CPU
		{7AA1F8D5-19B7-4546-B500-D70C931314E0}.Debug (x64)|x86.Build.0 = Debug|Any CPU
		{7AA1F8D5-19B7-4546-B500-D70C931314E0}.Debug|Any CPU.ActiveCfg = Debug|Any CPU
		{7AA1F8D5-19B7-4546-B500-D70C931314E0}.Debug|Any CPU.Build.0 = Debug|Any CPU
		{7AA1F8D5-19B7-4546-B500-D70C931314E0}.Debug|x64.ActiveCfg = Debug|Any CPU
		{7AA1F8D5-19B7-4546-B500-D70C931314E0}.Debug|x64.Build.0 = Debug|Any CPU
		{7AA1F8D5-19B7-4546-B500-D70C931314E0}.Debug|x86.ActiveCfg = Debug|Any CPU
		{7AA1F8D5-19B7-4546-B500-D70C931314E0}.Debug|x86.Build.0 = Debug|Any CPU
		{7AA1F8D5-19B7-4546-B500-D70C931314E0}.Release|Any CPU.ActiveCfg = Release|Any CPU
		{7AA1F8D5-19B7-4546-B500-D70C931314E0}.Release|Any CPU.Build.0 = Release|Any CPU
		{7AA1F8D5-19B7-4546-B500-D70C931314E0}.Release|x64.ActiveCfg = Release|Any CPU
		{7AA1F8D5-19B7-4546-B500-D70C931314E0}.Release|x64.Build.0 = Release|Any CPU
		{7AA1F8D5-19B7-4546-B500-D70C931314E0}.Release|x86.ActiveCfg = Release|Any CPU
		{7AA1F8D5-19B7-4546-B500-D70C931314E0}.Release|x86.Build.0 = Release|Any CPU
	EndGlobalSection
	GlobalSection(SolutionProperties) = preSolution
		HideSolutionNode = FALSE
	EndGlobalSection
	GlobalSection(NestedProjects) = preSolution
		{BBA7EE16-2B87-464B-ABE2-2D3C23149713} = {F83746DF-C546-4056-87A1-B62D7FFF39F7}
		{577D012B-E3DD-4F7F-8989-D149B4212971} = {F83746DF-C546-4056-87A1-B62D7FFF39F7}
		{94F04A44-FE1F-4CA4-9804-F2DC5CE563C3} = {F83746DF-C546-4056-87A1-B62D7FFF39F7}
		{537314E7-8986-4838-8087-F26444A7F842} = {F83746DF-C546-4056-87A1-B62D7FFF39F7}
		{A7A6E01B-D338-4ABA-9B51-DB9266DAC915} = {F83746DF-C546-4056-87A1-B62D7FFF39F7}
		{76A56159-98F6-40CC-9E75-7E641119B757} = {DEE6CDA9-0889-4329-A96D-B272DA5F7514}
		{12C6E7E7-1666-4581-8262-C1185F6B1A42} = {DEE6CDA9-0889-4329-A96D-B272DA5F7514}
		{0DD4A6A3-1B46-474D-90AE-324CD5D7F8A0} = {DEE6CDA9-0889-4329-A96D-B272DA5F7514}
		{7AA1F8D5-19B7-4546-B500-D70C931314E0} = {DEE6CDA9-0889-4329-A96D-B272DA5F7514}
	EndGlobalSection
EndGlobal
