<?xml version="1.0" encoding="utf-8"?>
<Project ToolsVersion="4.0" xmlns="http://schemas.microsoft.com/developer/msbuild/2003">
  <ItemGroup>
    <Filter Include="Quelldateien">
      <UniqueIdentifier>{4FC737F1-C7A5-4376-A066-2A32D752A2FF}</UniqueIdentifier>
      <Extensions>cpp;c;cc;cxx;def;odl;idl;hpj;bat;asm;asmx</Extensions>
    </Filter>
    <Filter Include="Headerdateien">
      <UniqueIdentifier>{93995380-89BD-4b04-88EB-625FBE52EBFB}</UniqueIdentifier>
      <Extensions>h;hh;hpp;hxx;hm;inl;inc;xsd</Extensions>
    </Filter>
    <Filter Include="Ressourcendateien">
      <UniqueIdentifier>{67DA6AB6-F800-4c08-8B7A-83BB121AAD01}</UniqueIdentifier>
      <Extensions>rc;ico;cur;bmp;dlg;rc2;rct;bin;rgs;gif;jpg;jpeg;jpe;resx;tiff;tif;png;wav;mfcribbon-ms</Extensions>
    </Filter>
  </ItemGroup>
  <ItemGroup>
    <ClInclude Include="Stdafx.h">
      <Filter>Headerdateien</Filter>
    </ClInclude>
    <ClInclude Include="resource.h">
      <Filter>Headerdateien</Filter>
    </ClInclude>
    <ClInclude Include="PCalcLib.hpp">
      <Filter>Headerdateien</Filter>
    </ClInclude>
    <ClInclude Include="PCalcFactoryCPP.hpp">
      <Filter>Headerdateien</Filter>
    </ClInclude>
    <ClInclude Include="PCalcFactory.hpp">
      <Filter>Headerdateien</Filter>
    </ClInclude>
    <ClInclude Include="ExtendedErrorCode.hpp">
      <Filter>Headerdateien</Filter>
    </ClInclude>
    <ClInclude Include="PCalcProxy.hpp">
      <Filter>Headerdateien</Filter>
    </ClInclude>
    <ClInclude Include="PCalcProxyContext.hpp">
      <Filter>Headerdateien</Filter>
    </ClInclude>
    <ClInclude Include="IPCalcProxy.hpp">
      <Filter>Headerdateien</Filter>
    </ClInclude>
    <ClInclude Include="Lock.hpp">
      <Filter>Headerdateien</Filter>
    </ClInclude>
    <ClInclude Include="PCalcManager.hpp">
      <Filter>Headerdateien</Filter>
    </ClInclude>
    <ClInclude Include="NextActionProcessor.hpp">
      <Filter>Headerdateien</Filter>
    </ClInclude>
    <ClInclude Include="NextActionShowMenuProcessor.hpp">
      <Filter>Headerdateien</Filter>
    </ClInclude>
    <ClInclude Include="NextActionProcessorProxy.hpp">
      <Filter>Headerdateien</Filter>
    </ClInclude>
    <ClInclude Include="Exceptions.hpp">
      <Filter>Headerdateien</Filter>
    </ClInclude>
  </ItemGroup>
  <ItemGroup>
    <ClCompile Include="AssemblyInfo.cpp">
      <Filter>Quelldateien</Filter>
    </ClCompile>
    <ClCompile Include="..\..\FMLibs\ProductCalculation\Windows\PCalcSimulation\PCalcManagedLib\PCalcManagedLib.cpp">
      <Filter>Quelldateien</Filter>
    </ClCompile>
    <ClCompile Include="ZipToZoneMap.cpp">
      <Filter>Quelldateien</Filter>
    </ClCompile>
    <ClCompile Include="PCalcFactoryCPP.cpp">
      <Filter>Quelldateien</Filter>
    </ClCompile>
    <ClCompile Include="PCalcFactory.cpp">
      <Filter>Quelldateien</Filter>
    </ClCompile>
    <ClCompile Include="ExtendedErrorCode.cpp">
      <Filter>Quelldateien</Filter>
    </ClCompile>
    <ClCompile Include="PCalcProxy.cpp">
      <Filter>Quelldateien</Filter>
    </ClCompile>
    <ClCompile Include="PCalcProxyContext.cpp">
      <Filter>Quelldateien</Filter>
    </ClCompile>
    <ClCompile Include="PCalcManager.cpp">
      <Filter>Quelldateien</Filter>
    </ClCompile>
    <ClCompile Include="NextActionProcessor.cpp">
      <Filter>Quelldateien</Filter>
    </ClCompile>
    <ClCompile Include="NextActionShowMenuProcessor.cpp">
      <Filter>Quelldateien</Filter>
    </ClCompile>
    <ClCompile Include="NextActionProcessorProxy.cpp">
      <Filter>Quelldateien</Filter>
    </ClCompile>
  </ItemGroup>
  <ItemGroup>
    <Text Include="ReadMe.txt" />
  </ItemGroup>
  <ItemGroup>
    <ResourceCompile Include="app.rc">
      <Filter>Ressourcendateien</Filter>
    </ResourceCompile>
  </ItemGroup>
  <ItemGroup>
    <Image Include="app.ico">
      <Filter>Ressourcendateien</Filter>
    </Image>
  </ItemGroup>
</Project>